// !$*UTF8*$!
{
	archiveVersion = 1;
	classes = {
	};
	objectVersion = 52;
	objects = {

/* Begin PBXBuildFile section */
		4E76D1C924BC02EF00572447 /* Navigator in Frameworks */ = {isa = PBXBuildFile; productRef = 4E76D1C824BC02EF00572447 /* Navigator */; };
		4EF7FF2524BBECC300157BC9 /* AppDelegate.swift in Sources */ = {isa = PBXBuildFile; fileRef = 4EF7FF2424BBECC300157BC9 /* AppDelegate.swift */; };
		4EF7FF2724BBECC300157BC9 /* SceneDelegate.swift in Sources */ = {isa = PBXBuildFile; fileRef = 4EF7FF2624BBECC300157BC9 /* SceneDelegate.swift */; };
		4EF7FF2924BBECC300157BC9 /* ContentView.swift in Sources */ = {isa = PBXBuildFile; fileRef = 4EF7FF2824BBECC300157BC9 /* ContentView.swift */; };
		4EF7FF2B24BBECC500157BC9 /* Assets.xcassets in Resources */ = {isa = PBXBuildFile; fileRef = 4EF7FF2A24BBECC500157BC9 /* Assets.xcassets */; };
		4EF7FF2E24BBECC500157BC9 /* Preview Assets.xcassets in Resources */ = {isa = PBXBuildFile; fileRef = 4EF7FF2D24BBECC500157BC9 /* Preview Assets.xcassets */; };
		4EF7FF3124BBECC500157BC9 /* LaunchScreen.storyboard in Resources */ = {isa = PBXBuildFile; fileRef = 4EF7FF2F24BBECC500157BC9 /* LaunchScreen.storyboard */; };
		4EF7FF4924BBF50600157BC9 /* Navigator in Frameworks */ = {isa = PBXBuildFile; productRef = 4EF7FF4824BBF50600157BC9 /* Navigator */; };
/* End PBXBuildFile section */

/* Begin PBXFileReference section */
		4EF7FF2124BBECC300157BC9 /* TestPackages.app */ = {isa = PBXFileReference; explicitFileType = wrapper.application; includeInIndex = 0; path = TestPackages.app; sourceTree = BUILT_PRODUCTS_DIR; };
		4EF7FF2424BBECC300157BC9 /* AppDelegate.swift */ = {isa = PBXFileReference; lastKnownFileType = sourcecode.swift; path = AppDelegate.swift; sourceTree = "<group>"; };
		4EF7FF2624BBECC300157BC9 /* SceneDelegate.swift */ = {isa = PBXFileReference; lastKnownFileType = sourcecode.swift; path = SceneDelegate.swift; sourceTree = "<group>"; };
		4EF7FF2824BBECC300157BC9 /* ContentView.swift */ = {isa = PBXFileReference; lastKnownFileType = sourcecode.swift; path = ContentView.swift; sourceTree = "<group>"; };
		4EF7FF2A24BBECC500157BC9 /* Assets.xcassets */ = {isa = PBXFileReference; lastKnownFileType = folder.assetcatalog; path = Assets.xcassets; sourceTree = "<group>"; };
		4EF7FF2D24BBECC500157BC9 /* Preview Assets.xcassets */ = {isa = PBXFileReference; lastKnownFileType = folder.assetcatalog; path = "Preview Assets.xcassets"; sourceTree = "<group>"; };
		4EF7FF3024BBECC500157BC9 /* Base */ = {isa = PBXFileReference; lastKnownFileType = file.storyboard; name = Base; path = Base.lproj/LaunchScreen.storyboard; sourceTree = "<group>"; };
		4EF7FF3224BBECC500157BC9 /* Info.plist */ = {isa = PBXFileReference; lastKnownFileType = text.plist.xml; path = Info.plist; sourceTree = "<group>"; };
/* End PBXFileReference section */

/* Begin PBXFrameworksBuildPhase section */
		4EF7FF1E24BBECC300157BC9 /* Frameworks */ = {
			isa = PBXFrameworksBuildPhase;
			buildActionMask = 2147483647;
			files = (
				4E76D1C924BC02EF00572447 /* Navigator in Frameworks */,
				4EF7FF4924BBF50600157BC9 /* Navigator in Frameworks */,
			);
			runOnlyForDeploymentPostprocessing = 0;
		};
/* End PBXFrameworksBuildPhase section */

/* Begin PBXGroup section */
		4EF7FF1824BBECC300157BC9 = {
			isa = PBXGroup;
			children = (
				4EF7FF2324BBECC300157BC9 /* TestPackages */,
				4EF7FF2224BBECC300157BC9 /* Products */,
				4EF7FF4124BBF23100157BC9 /* Frameworks */,
			);
			sourceTree = "<group>";
		};
		4EF7FF2224BBECC300157BC9 /* Products */ = {
			isa = PBXGroup;
			children = (
				4EF7FF2124BBECC300157BC9 /* TestPackages.app */,
			);
			name = Products;
			sourceTree = "<group>";
		};
		4EF7FF2324BBECC300157BC9 /* TestPackages */ = {
			isa = PBXGroup;
			children = (
				4EF7FF2424BBECC300157BC9 /* AppDelegate.swift */,
				4EF7FF2624BBECC300157BC9 /* SceneDelegate.swift */,
				4EF7FF2824BBECC300157BC9 /* ContentView.swift */,
				4EF7FF2A24BBECC500157BC9 /* Assets.xcassets */,
				4EF7FF2F24BBECC500157BC9 /* LaunchScreen.storyboard */,
				4EF7FF3224BBECC500157BC9 /* Info.plist */,
				4EF7FF2C24BBECC500157BC9 /* Preview Content */,
			);
			path = TestPackages;
			sourceTree = "<group>";
		};
		4EF7FF2C24BBECC500157BC9 /* Preview Content */ = {
			isa = PBXGroup;
			children = (
				4EF7FF2D24BBECC500157BC9 /* Preview Assets.xcassets */,
			);
			path = "Preview Content";
			sourceTree = "<group>";
		};
		4EF7FF4124BBF23100157BC9 /* Frameworks */ = {
			isa = PBXGroup;
			children = (
			);
			name = Frameworks;
			sourceTree = "<group>";
		};
/* End PBXGroup section */

/* Begin PBXNativeTarget section */
		4EF7FF2024BBECC300157BC9 /* TestPackages */ = {
			isa = PBXNativeTarget;
			buildConfigurationList = 4EF7FF3524BBECC500157BC9 /* Build configuration list for PBXNativeTarget "TestPackages" */;
			buildPhases = (
				4EF7FF1D24BBECC300157BC9 /* Sources */,
				4EF7FF1E24BBECC300157BC9 /* Frameworks */,
				4EF7FF1F24BBECC300157BC9 /* Resources */,
			);
			buildRules = (
			);
			dependencies = (
			);
			name = TestPackages;
			packageProductDependencies = (
				4EF7FF4824BBF50600157BC9 /* Navigator */,
				4E76D1C824BC02EF00572447 /* Navigator */,
			);
			productName = TestPackages;
			productReference = 4EF7FF2124BBECC300157BC9 /* TestPackages.app */;
			productType = "com.apple.product-type.application";
		};
/* End PBXNativeTarget section */

/* Begin PBXProject section */
		4EF7FF1924BBECC300157BC9 /* Project object */ = {
			isa = PBXProject;
			attributes = {
				LastSwiftUpdateCheck = 1150;
				LastUpgradeCheck = 1150;
				ORGANIZATIONNAME = "Gene Backlin";
				TargetAttributes = {
					4EF7FF2024BBECC300157BC9 = {
						CreatedOnToolsVersion = 11.5;
					};
				};
			};
			buildConfigurationList = 4EF7FF1C24BBECC300157BC9 /* Build configuration list for PBXProject "TestPackages" */;
			compatibilityVersion = "Xcode 9.3";
			developmentRegion = en;
			hasScannedForEncodings = 0;
			knownRegions = (
				en,
				Base,
			);
			mainGroup = 4EF7FF1824BBECC300157BC9;
			packageReferences = (
				4E76D1C724BC02EF00572447 /* XCRemoteSwiftPackageReference "Navigator" */,
			);
			productRefGroup = 4EF7FF2224BBECC300157BC9 /* Products */;
			projectDirPath = "";
			projectRoot = "";
			targets = (
				4EF7FF2024BBECC300157BC9 /* TestPackages */,
			);
		};
/* End PBXProject section */

/* Begin PBXResourcesBuildPhase section */
		4EF7FF1F24BBECC300157BC9 /* Resources */ = {
			isa = PBXResourcesBuildPhase;
			buildActionMask = 2147483647;
			files = (
				4EF7FF3124BBECC500157BC9 /* LaunchScreen.storyboard in Resources */,
				4EF7FF2E24BBECC500157BC9 /* Preview Assets.xcassets in Resources */,
				4EF7FF2B24BBECC500157BC9 /* Assets.xcassets in Resources */,
			);
			runOnlyForDeploymentPostprocessing = 0;
		};
/* End PBXResourcesBuildPhase section */

/* Begin PBXSourcesBuildPhase section */
		4EF7FF1D24BBECC300157BC9 /* Sources */ = {
			isa = PBXSourcesBuildPhase;
			buildActionMask = 2147483647;
			files = (
				4EF7FF2524BBECC300157BC9 /* AppDelegate.swift in Sources */,
				4EF7FF2724BBECC300157BC9 /* SceneDelegate.swift in Sources */,
				4EF7FF2924BBECC300157BC9 /* ContentView.swift in Sources */,
			);
			runOnlyForDeploymentPostprocessing = 0;
		};
/* End PBXSourcesBuildPhase section */

/* Begin PBXVariantGroup section */
		4EF7FF2F24BBECC500157BC9 /* LaunchScreen.storyboard */ = {
			isa = PBXVariantGroup;
			children = (
				4EF7FF3024BBECC500157BC9 /* Base */,
			);
			name = LaunchScreen.storyboard;
			sourceTree = "<group>";
		};
/* End PBXVariantGroup section */

/* Begin XCBuildConfiguration section */
		4EF7FF3324BBECC500157BC9 /* Debug */ = {
			isa = XCBuildConfiguration;
			buildSettings = {
				ALWAYS_SEARCH_USER_PATHS = NO;
				CLANG_ANALYZER_NONNULL = YES;
				CLANG_ANALYZER_NUMBER_OBJECT_CONVERSION = YES_AGGRESSIVE;
				CLANG_CXX_LANGUAGE_STANDARD = "gnu++14";
				CLANG_CXX_LIBRARY = "libc++";
				CLANG_ENABLE_MODULES = YES;
				CLANG_ENABLE_OBJC_ARC = YES;
				CLANG_ENABLE_OBJC_WEAK = YES;
				CLANG_WARN_BLOCK_CAPTURE_AUTORELEASING = YES;
				CLANG_WARN_BOOL_CONVERSION = YES;
				CLANG_WARN_COMMA = YES;
				CLANG_WARN_CONSTANT_CONVERSION = YES;
				CLANG_WARN_DEPRECATED_OBJC_IMPLEMENTATIONS = YES;
				CLANG_WARN_DIRECT_OBJC_ISA_USAGE = YES_ERROR;
				CLANG_WARN_DOCUMENTATION_COMMENTS = YES;
				CLANG_WARN_EMPTY_BODY = YES;
				CLANG_WARN_ENUM_CONVERSION = YES;
				CLANG_WARN_INFINITE_RECURSION = YES;
				CLANG_WARN_INT_CONVERSION = YES;
				CLANG_WARN_NON_LITERAL_NULL_CONVERSION = YES;
				CLANG_WARN_OBJC_IMPLICIT_RETAIN_SELF = YES;
				CLANG_WARN_OBJC_LITERAL_CONVERSION = YES;
				CLANG_WARN_OBJC_ROOT_CLASS = YES_ERROR;
				CLANG_WARN_RANGE_LOOP_ANALYSIS = YES;
				CLANG_WARN_STRICT_PROTOTYPES = YES;
				CLANG_WARN_SUSPICIOUS_MOVE = YES;
				CLANG_WARN_UNGUARDED_AVAILABILITY = YES_AGGRESSIVE;
				CLANG_WARN_UNREACHABLE_CODE = YES;
				CLANG_WARN__DUPLICATE_METHOD_MATCH = YES;
				COPY_PHASE_STRIP = NO;
				DEBUG_INFORMATION_FORMAT = dwarf;
				ENABLE_STRICT_OBJC_MSGSEND = YES;
				ENABLE_TESTABILITY = YES;
				GCC_C_LANGUAGE_STANDARD = gnu11;
				GCC_DYNAMIC_NO_PIC = NO;
				GCC_NO_COMMON_BLOCKS = YES;
				GCC_OPTIMIZATION_LEVEL = 0;
				GCC_PREPROCESSOR_DEFINITIONS = (
					"DEBUG=1",
					"$(inherited)",
				);
				GCC_WARN_64_TO_32_BIT_CONVERSION = YES;
				GCC_WARN_ABOUT_RETURN_TYPE = YES_ERROR;
				GCC_WARN_UNDECLARED_SELECTOR = YES;
				GCC_WARN_UNINITIALIZED_AUTOS = YES_AGGRESSIVE;
				GCC_WARN_UNUSED_FUNCTION = YES;
				GCC_WARN_UNUSED_VARIABLE = YES;
				IPHONEOS_DEPLOYMENT_TARGET = 13.5;
				MTL_ENABLE_DEBUG_INFO = INCLUDE_SOURCE;
				MTL_FAST_MATH = YES;
				ONLY_ACTIVE_ARCH = YES;
				SDKROOT = iphoneos;
				SWIFT_ACTIVE_COMPILATION_CONDITIONS = DEBUG;
				SWIFT_OPTIMIZATION_LEVEL = "-Onone";
			};
			name = Debug;
		};
		4EF7FF3424BBECC500157BC9 /* Release */ = {
			isa = XCBuildConfiguration;
			buildSettings = {
				ALWAYS_SEARCH_USER_PATHS = NO;
				CLANG_ANALYZER_NONNULL = YES;
				CLANG_ANALYZER_NUMBER_OBJECT_CONVERSION = YES_AGGRESSIVE;
				CLANG_CXX_LANGUAGE_STANDARD = "gnu++14";
				CLANG_CXX_LIBRARY = "libc++";
				CLANG_ENABLE_MODULES = YES;
				CLANG_ENABLE_OBJC_ARC = YES;
				CLANG_ENABLE_OBJC_WEAK = YES;
				CLANG_WARN_BLOCK_CAPTURE_AUTORELEASING = YES;
				CLANG_WARN_BOOL_CONVERSION = YES;
				CLANG_WARN_COMMA = YES;
				CLANG_WARN_CONSTANT_CONVERSION = YES;
				CLANG_WARN_DEPRECATED_OBJC_IMPLEMENTATIONS = YES;
				CLANG_WARN_DIRECT_OBJC_ISA_USAGE = YES_ERROR;
				CLANG_WARN_DOCUMENTATION_COMMENTS = YES;
				CLANG_WARN_EMPTY_BODY = YES;
				CLANG_WARN_ENUM_CONVERSION = YES;
				CLANG_WARN_INFINITE_RECURSION = YES;
				CLANG_WARN_INT_CONVERSION = YES;
				CLANG_WARN_NON_LITERAL_NULL_CONVERSION = YES;
				CLANG_WARN_OBJC_IMPLICIT_RETAIN_SELF = YES;
				CLANG_WARN_OBJC_LITERAL_CONVERSION = YES;
				CLANG_WARN_OBJC_ROOT_CLASS = YES_ERROR;
				CLANG_WARN_RANGE_LOOP_ANALYSIS = YES;
				CLANG_WARN_STRICT_PROTOTYPES = YES;
				CLANG_WARN_SUSPICIOUS_MOVE = YES;
				CLANG_WARN_UNGUARDED_AVAILABILITY = YES_AGGRESSIVE;
				CLANG_WARN_UNREACHABLE_CODE = YES;
				CLANG_WARN__DUPLICATE_METHOD_MATCH = YES;
				COPY_PHASE_STRIP = NO;
				DEBUG_INFORMATION_FORMAT = "dwarf-with-dsym";
				ENABLE_NS_ASSERTIONS = NO;
				ENABLE_STRICT_OBJC_MSGSEND = YES;
				GCC_C_LANGUAGE_STANDARD = gnu11;
				GCC_NO_COMMON_BLOCKS = YES;
				GCC_WARN_64_TO_32_BIT_CONVERSION = YES;
				GCC_WARN_ABOUT_RETURN_TYPE = YES_ERROR;
				GCC_WARN_UNDECLARED_SELECTOR = YES;
				GCC_WARN_UNINITIALIZED_AUTOS = YES_AGGRESSIVE;
				GCC_WARN_UNUSED_FUNCTION = YES;
				GCC_WARN_UNUSED_VARIABLE = YES;
				IPHONEOS_DEPLOYMENT_TARGET = 13.5;
				MTL_ENABLE_DEBUG_INFO = NO;
				MTL_FAST_MATH = YES;
				SDKROOT = iphoneos;
				SWIFT_COMPILATION_MODE = wholemodule;
				SWIFT_OPTIMIZATION_LEVEL = "-O";
				VALIDATE_PRODUCT = YES;
			};
			name = Release;
		};
		4EF7FF3624BBECC500157BC9 /* Debug */ = {
			isa = XCBuildConfiguration;
			buildSettings = {
				ASSETCATALOG_COMPILER_APPICON_NAME = AppIcon;
				CODE_SIGN_STYLE = Automatic;
				DEVELOPMENT_ASSET_PATHS = "\"TestPackages/Preview Content\"";
				DEVELOPMENT_TEAM = 8DT5Y3HP4L;
				ENABLE_PREVIEWS = YES;
				INFOPLIST_FILE = TestPackages/Info.plist;
				LD_RUNPATH_SEARCH_PATHS = (
					"$(inherited)",
					"@executable_path/Frameworks",
				);
				PRODUCT_BUNDLE_IDENTIFIER = com.marizack.TestPackages;
				PRODUCT_NAME = "$(TARGET_NAME)";
				SWIFT_VERSION = 5.0;
				TARGETED_DEVICE_FAMILY = "1,2";
			};
			name = Debug;
		};
		4EF7FF3724BBECC500157BC9 /* Release */ = {
			isa = XCBuildConfiguration;
			buildSettings = {
				ASSETCATALOG_COMPILER_APPICON_NAME = AppIcon;
				CODE_SIGN_STYLE = Automatic;
				DEVELOPMENT_ASSET_PATHS = "\"TestPackages/Preview Content\"";
				DEVELOPMENT_TEAM = 8DT5Y3HP4L;
				ENABLE_PREVIEWS = YES;
				INFOPLIST_FILE = TestPackages/Info.plist;
				LD_RUNPATH_SEARCH_PATHS = (
					"$(inherited)",
					"@executable_path/Frameworks",
				);
				PRODUCT_BUNDLE_IDENTIFIER = com.marizack.TestPackages;
				PRODUCT_NAME = "$(TARGET_NAME)";
				SWIFT_VERSION = 5.0;
				TARGETED_DEVICE_FAMILY = "1,2";
			};
			name = Release;
		};
/* End XCBuildConfiguration section */

/* Begin XCConfigurationList section */
		4EF7FF1C24BBECC300157BC9 /* Build configuration list for PBXProject "TestPackages" */ = {
			isa = XCConfigurationList;
			buildConfigurations = (
				4EF7FF3324BBECC500157BC9 /* Debug */,
				4EF7FF3424BBECC500157BC9 /* Release */,
			);
			defaultConfigurationIsVisible = 0;
			defaultConfigurationName = Release;
		};
		4EF7FF3524BBECC500157BC9 /* Build configuration list for PBXNativeTarget "TestPackages" */ = {
			isa = XCConfigurationList;
			buildConfigurations = (
				4EF7FF3624BBECC500157BC9 /* Debug */,
				4EF7FF3724BBECC500157BC9 /* Release */,
			);
			defaultConfigurationIsVisible = 0;
			defaultConfigurationName = Release;
		};
/* End XCConfigurationList section */

/* Begin XCRemoteSwiftPackageReference section */
		4E76D1C724BC02EF00572447 /* XCRemoteSwiftPackageReference "Navigator" */ = {
			isa = XCRemoteSwiftPackageReference;
			repositoryURL = "https://github.com/gbacklin/Navigator.git";
			requirement = {
				kind = upToNextMajorVersion;
				minimumVersion = 1.0.0;
			};
		};
/* End XCRemoteSwiftPackageReference section */

/* Begin XCSwiftPackageProductDependency section */
		4E76D1C824BC02EF00572447 /* Navigator */ = {
			isa = XCSwiftPackageProductDependency;
			package = 4E76D1C724BC02EF00572447 /* XCRemoteSwiftPackageReference "Navigator" */;
			productName = Navigator;
		};
		4EF7FF4824BBF50600157BC9 /* Navigator */ = {
			isa = XCSwiftPackageProductDependency;
			productName = Navigator;
		};
/* End XCSwiftPackageProductDependency section */
	};
	rootObject = 4EF7FF1924BBECC300157BC9 /* Project object */;
}
